
Microsoft Visual Studio Solution File, Format Version 12.00
# Visual Studio 2010
Project("{8BC9CEB8-8B4A-11D0-8D11-00A0C91BC942}") = "VideoEncoding", "VideoEncoding\VideoEncoding.vcxproj", "{878AD894-D462-4D1B-ABEE-2F3226BF6197}"
EndProject
Project("{8BC9CEB8-8B4A-11D0-8D11-00A0C91BC942}") = "VideoDecoding", "VideoDecoding\VideoDecoding.vcxproj", "{6319EC34-0D91-4202-9718-98B410187F06}"
EndProject
Project("{8BC9CEB8-8B4A-11D0-8D11-00A0C91BC942}") = "VideoDemuxing", "VideoDemuxing\VideoDemuxing.vcxproj", "{DA5DE0F6-DB9A-466B-95EF-F4E70B009016}"
EndProject
Project("{8BC9CEB8-8B4A-11D0-8D11-00A0C91BC942}") = "VideoEncodingMuxing", "VideoEncodingMuxing\VideoEncodingMuxing.vcxproj", "{3A2123E5-E350-44A8-99DF-D1D81BB2DC92}"
EndProject
Project("{8BC9CEB8-8B4A-11D0-8D11-00A0C91BC942}") = "VideoRemuxing", "VideoRemuxing\VideoRemuxing.vcxproj", "{A1204AEF-22FF-48FA-9F11-ABD93E627EC1}"
EndProject
Project("{8BC9CEB8-8B4A-11D0-8D11-00A0C91BC942}") = "VideoFiltering", "VideoFiltering\VideoFiltering.vcxproj", "{3EE94D57-261A-4843-9971-AA9C87E28EC5}"
EndProject
Global
	GlobalSection(SolutionConfigurationPlatforms) = preSolution
		Debug|Win32 = Debug|Win32
		Release|Win32 = Release|Win32
	EndGlobalSection
	GlobalSection(ProjectConfigurationPlatforms) = postSolution
		{878AD894-D462-4D1B-ABEE-2F3226BF6197}.Debug|Win32.ActiveCfg = Debug|Win32
		{878AD894-D462-4D1B-ABEE-2F3226BF6197}.Debug|Win32.Build.0 = Debug|Win32
		{878AD894-D462-4D1B-ABEE-2F3226BF6197}.Release|Win32.ActiveCfg = Release|Win32
		{878AD894-D462-4D1B-ABEE-2F3226BF6197}.Release|Win32.Build.0 = Release|Win32
		{6319EC34-0D91-4202-9718-98B410187F06}.Debug|Win32.ActiveCfg = Debug|Win32
		{6319EC34-0D91-4202-9718-98B410187F06}.Debug|Win32.Build.0 = Debug|Win32
		{6319EC34-0D91-4202-9718-98B410187F06}.Release|Win32.ActiveCfg = Release|Win32
		{6319EC34-0D91-4202-9718-98B410187F06}.Release|Win32.Build.0 = Release|Win32
		{DA5DE0F6-DB9A-466B-95EF-F4E70B009016}.Debug|Win32.ActiveCfg = Debug|Win32
		{DA5DE0F6-DB9A-466B-95EF-F4E70B009016}.Debug|Win32.Build.0 = Debug|Win32
		{DA5DE0F6-DB9A-466B-95EF-F4E70B009016}.Release|Win32.ActiveCfg = Release|Win32
		{DA5DE0F6-DB9A-466B-95EF-F4E70B009016}.Release|Win32.Build.0 = Release|Win32
		{3A2123E5-E350-44A8-99DF-D1D81BB2DC92}.Debug|Win32.ActiveCfg = Debug|Win32
		{3A2123E5-E350-44A8-99DF-D1D81BB2DC92}.Debug|Win32.Build.0 = Debug|Win32
		{3A2123E5-E350-44A8-99DF-D1D81BB2DC92}.Release|Win32.ActiveCfg = Release|Win32
		{3A2123E5-E350-44A8-99DF-D1D81BB2DC92}.Release|Win32.Build.0 = Release|Win32
		{A1204AEF-22FF-48FA-9F11-ABD93E627EC1}.Debug|Win32.ActiveCfg = Debug|Win32
		{A1204AEF-22FF-48FA-9F11-ABD93E627EC1}.Debug|Win32.Build.0 = Debug|Win32
		{A1204AEF-22FF-48FA-9F11-ABD93E627EC1}.Release|Win32.ActiveCfg = Release|Win32
		{A1204AEF-22FF-48FA-9F11-ABD93E627EC1}.Release|Win32.Build.0 = Release|Win32
		{3EE94D57-261A-4843-9971-AA9C87E28EC5}.Debug|Win32.ActiveCfg = Debug|Win32
		{3EE94D57-261A-4843-9971-AA9C87E28EC5}.Debug|Win32.Build.0 = Debug|Win32
		{3EE94D57-261A-4843-9971-AA9C87E28EC5}.Release|Win32.ActiveCfg = Release|Win32
		{3EE94D57-261A-4843-9971-AA9C87E28EC5}.Release|Win32.Build.0 = Release|Win32
	EndGlobalSection
	GlobalSection(SolutionProperties) = preSolution
		HideSolutionNode = FALSE
	EndGlobalSection
EndGlobal
