<?xml version="1.0" encoding="utf-8"?>
<Project ToolsVersion="4.0" xmlns="http://schemas.microsoft.com/developer/msbuild/2003">
  <ItemGroup>
    <Filter Include="Application">
      <UniqueIdentifier>{4FC737F1-C7A5-4376-A066-2A32D752A2FF}</UniqueIdentifier>
      <Extensions>cpp;c;cc;cxx;def;odl;idl;hpj;bat;asm;asmx</Extensions>
    </Filter>
    <Filter Include="FileIO">
      <UniqueIdentifier>{573609cc-d815-4751-a569-a1ce5fe8b812}</UniqueIdentifier>
    </Filter>
    <Filter Include="Transcoder">
      <UniqueIdentifier>{d7d4f279-fdaf-44a3-9a9d-b69ba2ae7647}</UniqueIdentifier>
    </Filter>
  </ItemGroup>
  <ItemGroup>
    <ClCompile Include="VideoTranscodingMain.cpp">
      <Filter>Application</Filter>
    </ClCompile>
    <ClCompile Include="FileIO.cpp">
      <Filter>FileIO</Filter>
    </ClCompile>
    <ClCompile Include="Transcode.cpp">
      <Filter>Transcoder</Filter>
    </ClCompile>
  </ItemGroup>
  <ItemGroup>
    <ClInclude Include="VideoTranscodingHeader.h">
      <Filter>Application</Filter>
    </ClInclude>
    <ClInclude Include="common.h">
      <Filter>Application</Filter>
    </ClInclude>
    <ClInclude Include="FileIO.h">
      <Filter>FileIO</Filter>
    </ClInclude>
    <ClInclude Include="TranscodingContext.h">
      <Filter>Application</Filter>
    </ClInclude>
    <ClInclude Include="Transcode.h">
      <Filter>Transcoder</Filter>
    </ClInclude>
  </ItemGroup>
</Project>